
Microsoft Visual Studio Solution File, Format Version 12.00
# Visual Studio Version 17
VisualStudioVersion = 17.7.34024.191
MinimumVisualStudioVersion = 10.0.40219.1
Project("{FAE04EC0-301F-11D3-BF4B-00C04F79EFBC}") = "04.10TaskHOme", "04.10TaskHOme\04.10TaskHOme.csproj", "{18EF4866-A15E-40CB-BBB9-20A2AFDC9499}"
EndProject
Global
	GlobalSection(SolutionConfigurationPlatforms) = preSolution
		Debug|Any CPU = Debug|Any CPU
		Release|Any CPU = Release|Any CPU
	EndGlobalSection
	GlobalSection(ProjectConfigurationPlatforms) = postSolution
		{18EF4866-A15E-40CB-BBB9-20A2AFDC9499}.Debug|Any CPU.ActiveCfg = Debug|Any CPU
		{18EF4866-A15E-40CB-BBB9-20A2AFDC9499}.Debug|Any CPU.Build.0 = Debug|Any CPU
		{18EF4866-A15E-40CB-BBB9-20A2AFDC9499}.Release|Any CPU.ActiveCfg = Release|Any CPU
		{18EF4866-A15E-40CB-BBB9-20A2AFDC9499}.Release|Any CPU.Build.0 = Release|Any CPU
	EndGlobalSection
	GlobalSection(SolutionProperties) = preSolution
		HideSolutionNode = FALSE
	EndGlobalSection
	GlobalSection(ExtensibilityGlobals) = postSolution
		SolutionGuid = {67607A90-9BD2-49C0-BC7B-9C4AF5D65740}
	EndGlobalSection
EndGlobal
